
Microsoft Visual Studio Solution File, Format Version 12.00
# Visual Studio Version 16
VisualStudioVersion = 16.0.30011.22
MinimumVisualStudioVersion = 10.0.40219.1
Project("{FAE04EC0-301F-11D3-BF4B-00C04F79EFBC}") = "EmsiERP", "EmsiERP\EmsiERP.csproj", "{4442FC46-F199-4BCC-A116-5A73F23C5AC7}"
EndProject
Project("{FAE04EC0-301F-11D3-BF4B-00C04F79EFBC}") = "ERPemsiCore", "ERPemsiCore\ERPemsiCore.csproj", "{96849EA2-5CEE-4802-8BBD-B3A08F84C941}"
EndProject
Global
	GlobalSection(SolutionConfigurationPlatforms) = preSolution
		Debug|Any CPU = Debug|Any CPU
		Release|Any CPU = Release|Any CPU
	EndGlobalSection
	GlobalSection(ProjectConfigurationPlatforms) = postSolution
		{4442FC46-F199-4BCC-A116-5A73F23C5AC7}.Debug|Any CPU.ActiveCfg = Debug|Any CPU
		{4442FC46-F199-4BCC-A116-5A73F23C5AC7}.Debug|Any CPU.Build.0 = Debug|Any CPU
		{4442FC46-F199-4BCC-A116-5A73F23C5AC7}.Release|Any CPU.ActiveCfg = Release|Any CPU
		{4442FC46-F199-4BCC-A116-5A73F23C5AC7}.Release|Any CPU.Build.0 = Release|Any CPU
		{96849EA2-5CEE-4802-8BBD-B3A08F84C941}.Debug|Any CPU.ActiveCfg = Debug|Any CPU
		{96849EA2-5CEE-4802-8BBD-B3A08F84C941}.Debug|Any CPU.Build.0 = Debug|Any CPU
		{96849EA2-5CEE-4802-8BBD-B3A08F84C941}.Release|Any CPU.ActiveCfg = Release|Any CPU
		{96849EA2-5CEE-4802-8BBD-B3A08F84C941}.Release|Any CPU.Build.0 = Release|Any CPU
	EndGlobalSection
	GlobalSection(SolutionProperties) = preSolution
		HideSolutionNode = FALSE
	EndGlobalSection
	GlobalSection(ExtensibilityGlobals) = postSolution
		SolutionGuid = {E736B2FD-F0C3-461D-A7B6-B6B09018C6CF}
	EndGlobalSection
EndGlobal
